
Microsoft Visual Studio Solution File, Format Version 12.00
# Visual Studio Version 17
VisualStudioVersion = 17.14.36518.9 d17.14
MinimumVisualStudioVersion = 10.0.40219.1
Project("{FAE04EC0-301F-11D3-BF4B-00C04F79EFBC}") = "Readonly Vector", "Readonly Vector\Readonly Vector.csproj", "{EDB2FFF7-1500-44F8-9181-D013427A435A}"
EndProject
Global
	GlobalSection(SolutionConfigurationPlatforms) = preSolution
		Debug|Any CPU = Debug|Any CPU
		Release|Any CPU = Release|Any CPU
	EndGlobalSection
	GlobalSection(ProjectConfigurationPlatforms) = postSolution
		{EDB2FFF7-1500-44F8-9181-D013427A435A}.Debug|Any CPU.ActiveCfg = Debug|Any CPU
		{EDB2FFF7-1500-44F8-9181-D013427A435A}.Debug|Any CPU.Build.0 = Debug|Any CPU
		{EDB2FFF7-1500-44F8-9181-D013427A435A}.Release|Any CPU.ActiveCfg = Release|Any CPU
		{EDB2FFF7-1500-44F8-9181-D013427A435A}.Release|Any CPU.Build.0 = Release|Any CPU
	EndGlobalSection
	GlobalSection(SolutionProperties) = preSolution
		HideSolutionNode = FALSE
	EndGlobalSection
	GlobalSection(ExtensibilityGlobals) = postSolution
		SolutionGuid = {0D56CEF9-3EAB-4D53-8E6F-48AFC6AA690F}
	EndGlobalSection
EndGlobal
